{
    "_meta": {
        "hash": {
            "sha256": "55df4483f2044cd6a57bd827cdfc72e43d341759d335f8b36e27c959ba3348e0"
        },
        "pipfile-spec": 6,
        "requires": {
            "python_version": "3.7"
        },
        "sources": [
            {
                "name": "pypi",
                "url": "https://pypi.org/simple",
                "verify_ssl": true
            }
        ]
    },
    "default": {
        "amqp": {
            "hashes": [
                "sha256:6e649ca13a7df3faacdc8bbb280aa9a6602d22fd9d545336077e573a1f4ff3b8",
                "sha256:77f1aef9410698d20eaeac5b73a87817365f457a507d82edf292e12cbb83b08d"
            ],
            "version": "==2.5.2"
        },
        "billiard": {
            "hashes": [
                "sha256:01afcb4e7c4fd6480940cfbd4d9edc19d7a7509d6ada533984d0d0f49901ec82",
                "sha256:b8809c74f648dfe69b973c8e660bcec00603758c9db8ba89d7719f88d5f01f26"
            ],
            "version": "==3.6.1.0"
        },
        "boto3": {
            "hashes": [
                "sha256:839285fbd6f3ab16170af449ae9e33d0eccf97ca22de17d9ff68b8da2310ea06",
                "sha256:d93f1774c4bc66e02acdda2067291acb9e228a035435753cb75f83ad2904cbe3"
            ],
            "index": "pypi",
            "version": "==1.9.253"
        },
        "botocore": {
            "hashes": [
                "sha256:3baf129118575602ada9926f5166d82d02273c250d0feb313fc270944b27c48b",
                "sha256:dc080aed4f9b220a9e916ca29ca97a9d37e8e1d296fe89cbaeef929bf0c8066b"
            ],
            "index": "pypi",
            "version": "==1.12.253"
        },
        "celery": {
            "hashes": [
                "sha256:4c4532aa683f170f40bd76f928b70bc06ff171a959e06e71bf35f2f9d6031ef9",
                "sha256:528e56767ae7e43a16cfef24ee1062491f5754368d38fcfffa861cdb9ef219be"
            ],
            "index": "pypi",
            "version": "==4.3.0"
        },
        "certifi": {
            "hashes": [
                "sha256:017c25db2a153ce562900032d5bc68e9f191e44e9a0f762f373977de9df1fbb3",
                "sha256:25b64c7da4cd7479594d035c08c2d809eb4aab3a26e5a990ea98cc450c320f1f"
            ],
            "version": "==2019.11.28"
        },
        "chardet": {
            "hashes": [
                "sha256:84ab92ed1c4d4f16916e05906b6b75a6c0fb5db821cc65e70cbd64a3e2a5eaae",
                "sha256:fc323ffcaeaed0e0a02bf4d117757b98aed530d9ed4531e3e15460124c106691"
            ],
            "version": "==3.0.4"
        },
        "django": {
            "hashes": [
                "sha256:a4ad4f6f9c6a4b7af7e2deec8d0cbff28501852e5010d6c2dc695d3d1fae7ca0",
                "sha256:fa98ec9cc9bf5d72a08ebf3654a9452e761fbb8566e3f80de199cbc15477e891"
            ],
            "index": "pypi",
            "version": "==2.2.8"
        },
        "django-celery-beat": {
            "hashes": [
                "sha256:3c2c22647455be5503aca7450db64ea53acacee2d0aef3d7ac49aa3ef3845724",
                "sha256:bfc22dad2884524697e1fcdfa63c0555a65151a97902c3045cd2cf7bf63970e4"
            ],
            "index": "pypi",
            "version": "==1.4.0"
        },
        "django-environ": {
            "hashes": [
                "sha256:6c9d87660142608f63ec7d5ce5564c49b603ea8ff25da595fd6098f6dc82afde",
                "sha256:c57b3c11ec1f319d9474e3e5a79134f40174b17c7cc024bbb2fad84646b120c4"
            ],
            "index": "pypi",
            "version": "==0.4.5"
        },
        "django-health-check": {
            "hashes": [
                "sha256:11588bc8502c92725c3bbb6950c3704eefb98848f07983686aa2bb106353900f"
            ],
            "index": "pypi",
            "version": "==3.8.0"
        },
        "django-model-utils": {
            "hashes": [
                "sha256:2c057f3bf0859aba27f04389f0cedd2d48f8c9b3848acb86fd9970794e58f477",
                "sha256:8cd377744aa45f9f131d652ec460c57d1aaa88d3e9b586c8e27eb709341b9084"
            ],
            "index": "pypi",
            "version": "==3.1.2"
        },
        "django-polymorphic": {
            "hashes": [
                "sha256:1fb5505537bcaf71cfc951ff94c4e3ba83c761eaca04b7b2ce9cb63937634ea5",
                "sha256:79e7df455fdc8c3d28d38b7ab8323fc21d109a162b8ca282119e0e9ce8db7bdb"
            ],
            "index": "pypi",
            "version": "==2.0.3"
        },
        "django-rest-polymorphic": {
            "hashes": [
                "sha256:8a763ab0459b93724d186e101c3b92d0b1916305b6b221f65064c02ebc2267a8",
                "sha256:a29a0a7a0fd804e7a9b0b86025591aa4ab23d4c450dd2b7a088c5976ac9283a1"
            ],
            "index": "pypi",
            "version": "==0.1.8"
        },
        "django-timezone-field": {
            "hashes": [
                "sha256:758b7d41084e9ea2e89e59eb616e9b6326e6fbbf9d14b6ef062d624fe8cc6246",
                "sha256:7e3620fe2211c2d372fad54db8f86ff884098d018d56fda4dca5e64929e05ffc"
            ],
            "version": "==4.0"
        },
        "djangorestframework": {
            "hashes": [
                "sha256:5488aed8f8df5ec1d70f04b2114abc52ae6729748a176c453313834a9ee179c8",
                "sha256:dc81cbf9775c6898a580f6f1f387c4777d12bd87abf0f5406018d32ccae71090"
            ],
            "index": "pypi",
            "version": "==3.10.3"
        },
        "docutils": {
            "hashes": [
                "sha256:6c4f696463b79f1fb8ba0c594b63840ebd41f059e92b31957c46b74a4599b6d0",
                "sha256:9e4d7ecfc600058e07ba661411a2b7de2fd0fafa17d1a7f7361cd47b1175c827",
                "sha256:a2aeea129088da402665e92e0b25b04b073c04b2dce4ab65caaa38b7ce2e1a99"
            ],
            "version": "==0.15.2"
        },
        "drf-insights-pagination": {
            "hashes": [
                "sha256:8c4126b9c5ead1ef7f5bff436eb0142a872723934a4c0fbe634c4aec0ef0a216",
                "sha256:f9710f5b3ed0886d1e936862b80f884c4711abeb9b712c2948c20093e54c2359"
            ],
            "index": "pypi",
            "version": "==1.0.0"
        },
        "faker": {
            "hashes": [
                "sha256:6886d58f3c24d8ecdaa3740b138121614197ffd3e0adfb0cb02ca4e71e292dfe",
                "sha256:8f7cb7a62a1a207bb8febcc6e04fd8b80e0f31b1a4c2ca587d42368064922b80"
            ],
            "index": "pypi",
            "version": "==1.0.8"
        },
        "gunicorn": {
            "hashes": [
                "sha256:aa8e0b40b4157b36a5df5e599f45c9c76d6af43845ba3b3b0efe2c70473c2471",
                "sha256:fa2662097c66f920f53f70621c6c58ca4a3c4d3434205e608e121b5b3b71f4f3"
            ],
            "index": "pypi",
            "version": "==19.9.0"
        },
        "idna": {
            "hashes": [
                "sha256:c357b3f628cf53ae2c4c05627ecc484553142ca23264e593d327bcde5e9c3407",
                "sha256:ea8b7f6188e6fa117537c3df7da9fc686d485087abf6ac197f9c46432f7e4a3c"
            ],
            "version": "==2.8"
        },
        "importlib-metadata": {
            "hashes": [
                "sha256:073a852570f92da5f744a3472af1b61e28e9f78ccf0c9117658dc32b15de7b45",
                "sha256:d95141fbfa7ef2ec65cfd945e2af7e5a6ddbd7c8d9a25e66ff3be8e3daf9f60f"
            ],
            "markers": "python_version < '3.8'",
            "version": "==1.3.0"
        },
        "jmespath": {
            "hashes": [
                "sha256:3720a4b1bd659dd2eecad0666459b9788813e032b83e7ba58578e48254e0a0e6",
                "sha256:bde2aef6f44302dfb30320115b17d030798de8c4110e28d5cf6cf91a7a31074c"
            ],
            "version": "==0.9.4"
        },
        "jsonpickle": {
            "hashes": [
                "sha256:d0c5a4e6cb4e58f6d5406bdded44365c2bcf9c836c4f52910cc9ba7245a59dc2",
                "sha256:d3e922d781b1d0096df2dad89a2e1f47177d7969b596aea806a9d91b4626b29b"
            ],
            "index": "pypi",
            "version": "==1.2"
        },
        "kafka-python": {
            "hashes": [
                "sha256:2f29baad4b3efe05a2bb81ac268855aa01cbc68397f15bac77b494ffd7e2cada",
                "sha256:4fbebebfcb6fc94903fb720fe883d7bbec7298f4f1acb857c21dd3b4b114ba4b"
            ],
            "index": "pypi",
            "version": "==1.4.7"
        },
        "kombu": {
            "hashes": [
                "sha256:2a9e7adff14d046c9996752b2c48b6d9185d0b992106d5160e1a179907a5d4ac",
                "sha256:67b32ccb6fea030f8799f8fd50dd08e03a4b99464ebc4952d71d8747b1a52ad1"
            ],
            "version": "==4.6.7"
        },
        "lockfile": {
            "hashes": [
                "sha256:6aed02de03cba24efabcd600b30540140634fc06cfa603822d508d5361e9f799",
                "sha256:6c3cb24f344923d30b2785d5ad75182c8ea7ac1b6171b08657258ec7429d50fa"
            ],
            "version": "==0.12.2"
        },
        "more-itertools": {
            "hashes": [
                "sha256:b84b238cce0d9adad5ed87e745778d20a3f8487d0f0cb8b8a586816c7496458d",
                "sha256:c833ef592a0324bcc6a60e48440da07645063c453880c9477ceb22490aec1564"
            ],
            "version": "==8.0.2"
        },
        "psycopg2-binary": {
            "hashes": [
                "sha256:040234f8a4a8dfd692662a8308d78f63f31a97e1c42d2480e5e6810c48966a29",
                "sha256:086f7e89ec85a6704db51f68f0dcae432eff9300809723a6e8782c41c2f48e03",
                "sha256:18ca813fdb17bc1db73fe61b196b05dd1ca2165b884dd5ec5568877cabf9b039",
                "sha256:19dc39616850342a2a6db70559af55b22955f86667b5f652f40c0e99253d9881",
                "sha256:2166e770cb98f02ed5ee2b0b569d40db26788e0bf2ec3ae1a0d864ea6f1d8309",
                "sha256:3a2522b1d9178575acee4adf8fd9f979f9c0449b00b4164bb63c3475ea6528ed",
                "sha256:3aa773580f85a28ffdf6f862e59cb5a3cc7ef6885121f2de3fca8d6ada4dbf3b",
                "sha256:3b5deaa3ee7180585a296af33e14c9b18c218d148e735c7accf78130765a47e3",
                "sha256:407af6d7e46593415f216c7f56ba087a9a42bd6dc2ecb86028760aa45b802bd7",
                "sha256:4c3c09fb674401f630626310bcaf6cd6285daf0d5e4c26d6e55ca26a2734e39b",
                "sha256:4c6717962247445b4f9e21c962ea61d2e884fc17df5ddf5e35863b016f8a1f03",
                "sha256:50446fae5681fc99f87e505d4e77c9407e683ab60c555ec302f9ac9bffa61103",
                "sha256:5057669b6a66aa9ca118a2a860159f0ee3acf837eda937bdd2a64f3431361a2d",
                "sha256:5dd90c5438b4f935c9d01fcbad3620253da89d19c1f5fca9158646407ed7df35",
                "sha256:659c815b5b8e2a55193ede2795c1e2349b8011497310bb936da7d4745652823b",
                "sha256:69b13fdf12878b10dc6003acc8d0abf3ad93e79813fd5f3812497c1c9fb9be49",
                "sha256:7a1cb80e35e1ccea3e11a48afe65d38744a0e0bde88795cc56a4d05b6e4f9d70",
                "sha256:7e6e3c52e6732c219c07bd97fff6c088f8df4dae3b79752ee3a817e6f32e177e",
                "sha256:7f42a8490c4fe854325504ce7a6e4796b207960dabb2cbafe3c3959cb00d1d7e",
                "sha256:84156313f258eafff716b2961644a4483a9be44a5d43551d554844d15d4d224e",
                "sha256:8578d6b8192e4c805e85f187bc530d0f52ba86c39172e61cd51f68fddd648103",
                "sha256:890167d5091279a27e2505ff0e1fb273f8c48c41d35c5b92adbf4af80e6b2ed6",
                "sha256:98e10634792ac0e9e7a92a76b4991b44c2325d3e7798270a808407355e7bb0a1",
                "sha256:9aadff9032e967865f9778485571e93908d27dab21d0fdfdec0ca779bb6f8ad9",
                "sha256:9f24f383a298a0c0f9b3113b982e21751a8ecde6615494a3f1470eb4a9d70e9e",
                "sha256:a73021b44813b5c84eda4a3af5826dd72356a900bac9bd9dd1f0f81ee1c22c2f",
                "sha256:afd96845e12638d2c44d213d4810a08f4dc4a563f9a98204b7428e567014b1cd",
                "sha256:b73ddf033d8cd4cc9dfed6324b1ad2a89ba52c410ef6877998422fcb9c23e3a8",
                "sha256:b8f490f5fad1767a1331df1259763b3bad7d7af12a75b950c2843ba319b2415f",
                "sha256:dbc5cd56fff1a6152ca59445178652756f4e509f672e49ccdf3d79c1043113a4",
                "sha256:eac8a3499754790187bb00574ab980df13e754777d346f85e0ff6df929bcd964",
                "sha256:eaed1c65f461a959284649e37b5051224f4db6ebdc84e40b5e65f2986f101a08"
            ],
            "index": "pypi",
            "version": "==2.8.4"
        },
        "pycurl": {
            "hashes": [
                "sha256:6f08330c5cf79fa8ef68b9912b9901db7ffd34b63e225dce74db56bb21deda8e"
            ],
            "index": "pypi",
            "version": "==7.43.0.3"
        },
        "python-crontab": {
            "hashes": [
                "sha256:3ac1608ff76032e6fc6e16b5fbf83b51557e0e066bf78e9f88571571e7bd7ae6"
            ],
            "version": "==2.4.0"
        },
        "python-daemon": {
            "hashes": [
                "sha256:57c84f50a04d7825515e4dbf3a31c70cc44414394a71608dee6cfde469e81766",
                "sha256:a0d5dc0b435a02c7e0b401e177a7c17c3f4c7b4e22e2d06271122c8fec5f8946"
            ],
            "index": "pypi",
            "version": "==2.2.4"
        },
        "python-dateutil": {
            "hashes": [
                "sha256:063df5763652e21de43de7d9e00ccf239f953a832941e37be541614732cdfc93",
                "sha256:88f9287c0174266bb0d8cedd395cfba9c58e87e5ad86b2ce58859bc11be3cf02"
            ],
            "index": "pypi",
            "version": "==2.7.5"
        },
        "pytz": {
            "hashes": [
                "sha256:1c557d7d0e871de1f5ccd5833f60fb2550652da6be2693c1e02300743d21500d",
                "sha256:b02c06db6cf09c12dd25137e563b31700d3b80fcc4ad23abb7a315f2789819be"
            ],
            "version": "==2019.3"
        },
        "requests": {
            "hashes": [
                "sha256:11e007a8a2aa0323f5a921e9e6a2d7e4e67d9877e85773fba9ba6419025cbeb4",
                "sha256:9cf5292fcd0f598c671cfc1e0d7d1a7f13bb8085e9a590f48c010551dc6c4b31"
            ],
            "index": "pypi",
            "version": "==2.22.0"
        },
        "rest-framework-generic-relations-1-2-1": {
            "git": "https://gitlab.com/xyzzy.sh/rest-framework-generic-relations.git",
            "ref": "7fbef0cdbc3a00c3b35bb908e982cde071005810"
        },
        "s3transfer": {
            "hashes": [
                "sha256:6efc926738a3cd576c2a79725fed9afde92378aa5c6a957e3af010cb019fac9d",
                "sha256:b780f2411b824cb541dbcd2c713d0cb61c7d1bcadae204cdddda2b35cef493ba"
            ],
            "version": "==0.2.1"
        },
        "sentry-sdk": {
            "hashes": [
                "sha256:d491aa6399eaa3eded433972751a9770180730fd8b4c225b0b7f49c4fa2af70b",
                "sha256:d68003cdffbbfcadaa2c445b72e1050b0a44406f94199866f192986c016b23f5"
            ],
            "index": "pypi",
            "version": "==0.10.2"
        },
        "six": {
            "hashes": [
                "sha256:1f1b7d42e254082a9db6279deae68afb421ceba6158efa6131de7b3003ee93fd",
                "sha256:30f610279e8b2578cab6db20741130331735c781b56053c59c4076da27f06b66"
            ],
            "version": "==1.13.0"
        },
        "sqlparse": {
            "hashes": [
                "sha256:40afe6b8d4b1117e7dff5504d7a8ce07d9a1b15aeeade8a2d10f130a834f8177",
                "sha256:7c3dca29c022744e95b547e867cee89f4fce4373f3549ccd8797d8eb52cdb873"
            ],
            "version": "==0.3.0"
        },
        "text-unidecode": {
            "hashes": [
                "sha256:5a1375bb2ba7968740508ae38d92e1f889a0832913cb1c447d5e2046061a396d",
                "sha256:801e38bd550b943563660a91de8d4b6fa5df60a542be9093f7abf819f86050cc"
            ],
            "version": "==1.2"
        },
        "tqdm": {
            "hashes": [
                "sha256:d385c95361699e5cf7622485d9b9eae2d4864b21cd5a2374a9c381ffed701021",
                "sha256:e22977e3ebe961f72362f6ddfb9197cc531c9737aaf5f607ef09740c849ecd05"
            ],
            "index": "pypi",
            "version": "==4.31.1"
        },
        "uritemplate": {
            "hashes": [
                "sha256:01c69f4fe8ed503b2951bef85d996a9d22434d2431584b5b107b2981ff416fbd",
                "sha256:1b9c467a940ce9fb9f50df819e8ddd14696f89b9a8cc87ac77952ba416e0a8fd",
                "sha256:c02643cebe23fc8adb5e6becffe201185bf06c40bda5c0b4028a93f1527d011d"
            ],
            "index": "pypi",
            "version": "==3.0.0"
        },
        "urllib3": {
            "hashes": [
                "sha256:a8a318824cc77d1fd4b2bec2ded92646630d7fe8619497b142c84a9e6f5a7293",
                "sha256:f3c5fd51747d450d4dcf6f923c81f78f811aab8205fda64b0aba34a4e48b0745"
            ],
            "markers": "python_version >= '3.4'",
            "version": "==1.25.7"
        },
        "vine": {
            "hashes": [
                "sha256:133ee6d7a9016f177ddeaf191c1f58421a1dcc6ee9a42c58b34bed40e1d2cd87",
                "sha256:ea4947cc56d1fd6f2095c8d543ee25dad966f78692528e68b4fada11ba3f98af"
            ],
            "version": "==1.3.0"
        },
        "zipp": {
            "hashes": [
                "sha256:3718b1cbcd963c7d4c5511a8240812904164b7f381b647143a89d3b98f9bcd8e",
                "sha256:f06903e9f1f43b12d371004b4ac7b06ab39a44adc747266928ae6debfa7b3335"
            ],
            "version": "==0.6.0"
        }
    },
    "develop": {
        "blockdiag": {
            "hashes": [
                "sha256:8dd6570a2ac41b3c0dfe5706de20913cdbebe1bbd2e6dea9ebc13db79df8c151",
                "sha256:929125db1cb59145e09dc561021389c7ca71108ef4e4c51a12728eea5b75fccc"
            ],
            "version": "==1.5.4"
        },
        "coverage": {
            "hashes": [
                "sha256:0cd13a6e98c37b510a2d34c8281d5e1a226aaf9b65b7d770ef03c63169965351",
                "sha256:1a4b6b6a2a3a6612e6361130c2cc3dc4378d8c221752b96167ccbad94b47f3cd",
                "sha256:2ee55e6dba516ddf6f484aa83ccabbb0adf45a18892204c23486938d12258cde",
                "sha256:3be5338a2eb4ef03c57f20917e1d12a1fd10e3853fed060b6d6b677cb3745898",
                "sha256:44b783b02db03c4777d8cf71bae19eadc171a6f2a96777d916b2c30a1eb3d070",
                "sha256:475bf7c4252af0a56e1abba9606f1e54127cdf122063095c75ab04f6f99cf45e",
                "sha256:47c81ee687eafc2f1db7f03fbe99aab81330565ebc62fb3b61edfc2216a550c8",
                "sha256:4a7f8e72b18f2aca288ff02255ce32cc830bc04d993efbc87abf6beddc9e56c0",
                "sha256:50197163a22fd17f79086e087a787883b3ec9280a509807daf158dfc2a7ded02",
                "sha256:56b13000acf891f700f5067512b804d1ec8c301d627486c678b903859d07f798",
                "sha256:79388ae29c896299b3567965dbcd93255f175c17c6c7bca38614d12718c47466",
                "sha256:79fd5d3d62238c4f583b75d48d53cdae759fe04d4fb18fe8b371d88ad2b6f8be",
                "sha256:7fe3e2fde2bf1d7ce25ebcd2d3de3650b8d60d9a73ce6dcef36e20191291613d",
                "sha256:81042a24f67b96e4287774014fa27220d8a4d91af1043389e4d73892efc89ac6",
                "sha256:81326f1095c53111f8afc95da281e1414185f4a538609a77ca50bdfa39a6c207",
                "sha256:8873dc0d8f42142ea9f20c27bbdc485190fff93823c6795be661703369e5877d",
                "sha256:88d2cbcb0a112f47eef71eb95460b6995da18e6f8ca50c264585abc2c473154b",
                "sha256:91f2491aeab9599956c45a77c5666d323efdec790bfe23fcceafcd91105d585a",
                "sha256:979daa8655ae5a51e8e7a24e7d34e250ae8309fd9719490df92cbb2fe2b0422b",
                "sha256:9c871b006c878a890c6e44a5b2f3c6291335324b298c904dc0402ee92ee1f0be",
                "sha256:a6d092545e5af53e960465f652e00efbf5357adad177b2630d63978d85e46a72",
                "sha256:b5ed7837b923d1d71c4f587ae1539ccd96bfd6be9788f507dbe94dab5febbb5d",
                "sha256:ba259f68250f16d2444cbbfaddaa0bb20e1560a4fdaad50bece25c199e6af864",
                "sha256:be1d89614c6b6c36d7578496dc8625123bda2ff44f224cf8b1c45b810ee7383f",
                "sha256:c1b030a79749aa8d1f1486885040114ee56933b15ccfc90049ba266e4aa2139f",
                "sha256:c95bb147fab76f2ecde332d972d8f4138b8f2daee6c466af4ff3b4f29bd4c19e",
                "sha256:d52c1c2d7e856cecc05aa0526453cb14574f821b7f413cc279b9514750d795c1",
                "sha256:d609a6d564ad3d327e9509846c2c47f170456344521462b469e5cb39e48ba31c",
                "sha256:e1bad043c12fb58e8c7d92b3d7f2f49977dcb80a08a6d1e7a5114a11bf819fca",
                "sha256:e5a675f6829c53c87d79117a8eb656cc4a5f8918185a32fc93ba09778e90f6db",
                "sha256:fec32646b98baf4a22fdceb08703965bd16dea09051fbeb31a04b5b6e72b846c"
            ],
            "index": "pypi",
            "version": "==5.0"
        },
        "entrypoints": {
            "hashes": [
                "sha256:589f874b313739ad35be6e0cd7efde2a4e9b6fea91edcc34e58ecbb8dbe56d19",
                "sha256:c70dd71abe5a8c85e55e12c19bd91ccfeec11a6e99044204511f9ed547d48451"
            ],
            "version": "==0.3"
        },
        "flake8": {
            "hashes": [
                "sha256:45681a117ecc81e870cbf1262835ae4af5e7a8b08e40b944a8a6e6b895914cfb",
                "sha256:49356e766643ad15072a789a20915d3c91dc89fd313ccd71802303fd67e4deca"
            ],
            "index": "pypi",
            "version": "==3.7.9"
        },
        "flake8-docstrings": {
            "hashes": [
                "sha256:3d5a31c7ec6b7367ea6506a87ec293b94a0a46c0bce2bb4975b7f1d09b6f3717",
                "sha256:a256ba91bc52307bef1de59e2a009c3cf61c3d0952dbe035d6ff7208940c2edc"
            ],
            "index": "pypi",
            "version": "==1.5.0"
        },
        "flake8-import-order": {
            "hashes": [
                "sha256:90a80e46886259b9c396b578d75c749801a41ee969a235e163cfe1be7afd2543",
                "sha256:a28dc39545ea4606c1ac3c24e9d05c849c6e5444a50fb7e9cdd430fc94de6e92"
            ],
            "index": "pypi",
            "version": "==0.18.1"
        },
        "flake8-quotes": {
            "hashes": [
                "sha256:11a15d30c92ca5f04c2791bd7019cf62b6f9d3053eb050d02a135557eb118bfc"
            ],
            "index": "pypi",
            "version": "==2.1.1"
        },
        "funcparserlib": {
            "hashes": [
                "sha256:b7992eac1a3eb97b3d91faa342bfda0729e990bd8a43774c1592c091e563c91d"
            ],
            "version": "==0.3.6"
        },
        "isort": {
            "hashes": [
                "sha256:54da7e92468955c4fceacd0c86bd0ec997b0e1ee80d97f67c35a78b719dccab1",
                "sha256:6e811fcb295968434526407adb8796944f1988c5b65e8139058f2014cbe100fd"
            ],
            "index": "pypi",
            "version": "==4.3.21"
        },
        "jinja2": {
            "hashes": [
                "sha256:74320bb91f31270f9551d46522e33af46a80c3d619f4a4bf42b3164d30b5911f",
                "sha256:9fe95f19286cfefaa917656583d020be14e7859c6b0252588391e47db34527de"
            ],
            "index": "pypi",
            "version": "==2.10.3"
        },
        "markupsafe": {
            "hashes": [
                "sha256:00bc623926325b26bb9605ae9eae8a215691f33cae5df11ca5424f06f2d1f473",
                "sha256:09027a7803a62ca78792ad89403b1b7a73a01c8cb65909cd876f7fcebd79b161",
                "sha256:09c4b7f37d6c648cb13f9230d847adf22f8171b1ccc4d5682398e77f40309235",
                "sha256:1027c282dad077d0bae18be6794e6b6b8c91d58ed8a8d89a89d59693b9131db5",
                "sha256:24982cc2533820871eba85ba648cd53d8623687ff11cbb805be4ff7b4c971aff",
                "sha256:29872e92839765e546828bb7754a68c418d927cd064fd4708fab9fe9c8bb116b",
                "sha256:43a55c2930bbc139570ac2452adf3d70cdbb3cfe5912c71cdce1c2c6bbd9c5d1",
                "sha256:46c99d2de99945ec5cb54f23c8cd5689f6d7177305ebff350a58ce5f8de1669e",
                "sha256:500d4957e52ddc3351cabf489e79c91c17f6e0899158447047588650b5e69183",
                "sha256:535f6fc4d397c1563d08b88e485c3496cf5784e927af890fb3c3aac7f933ec66",
                "sha256:62fe6c95e3ec8a7fad637b7f3d372c15ec1caa01ab47926cfdf7a75b40e0eac1",
                "sha256:6dd73240d2af64df90aa7c4e7481e23825ea70af4b4922f8ede5b9e35f78a3b1",
                "sha256:717ba8fe3ae9cc0006d7c451f0bb265ee07739daf76355d06366154ee68d221e",
                "sha256:79855e1c5b8da654cf486b830bd42c06e8780cea587384cf6545b7d9ac013a0b",
                "sha256:7c1699dfe0cf8ff607dbdcc1e9b9af1755371f92a68f706051cc8c37d447c905",
                "sha256:88e5fcfb52ee7b911e8bb6d6aa2fd21fbecc674eadd44118a9cc3863f938e735",
                "sha256:8defac2f2ccd6805ebf65f5eeb132adcf2ab57aa11fdf4c0dd5169a004710e7d",
                "sha256:98c7086708b163d425c67c7a91bad6e466bb99d797aa64f965e9d25c12111a5e",
                "sha256:9add70b36c5666a2ed02b43b335fe19002ee5235efd4b8a89bfcf9005bebac0d",
                "sha256:9bf40443012702a1d2070043cb6291650a0841ece432556f784f004937f0f32c",
                "sha256:ade5e387d2ad0d7ebf59146cc00c8044acbd863725f887353a10df825fc8ae21",
                "sha256:b00c1de48212e4cc9603895652c5c410df699856a2853135b3967591e4beebc2",
                "sha256:b1282f8c00509d99fef04d8ba936b156d419be841854fe901d8ae224c59f0be5",
                "sha256:b2051432115498d3562c084a49bba65d97cf251f5a331c64a12ee7e04dacc51b",
                "sha256:ba59edeaa2fc6114428f1637ffff42da1e311e29382d81b339c1817d37ec93c6",
                "sha256:c8716a48d94b06bb3b2524c2b77e055fb313aeb4ea620c8dd03a105574ba704f",
                "sha256:cd5df75523866410809ca100dc9681e301e3c27567cf498077e8551b6d20e42f",
                "sha256:e249096428b3ae81b08327a63a485ad0878de3fb939049038579ac0ef61e17e7"
            ],
            "version": "==1.1.1"
        },
        "mccabe": {
            "hashes": [
                "sha256:ab8a6258860da4b6677da4bd2fe5dc2c659cff31b3ee4f7f5d64e79735b80d42",
                "sha256:dd8d182285a0fe56bace7f45b5e7d1a6ebcbf524e8f3bd87eb0f125271b8831f"
            ],
            "version": "==0.6.1"
        },
        "pillow": {
            "hashes": [
                "sha256:047d9473cf68af50ac85f8ee5d5f21a60f849bc17d348da7fc85711287a75031",
                "sha256:0f66dc6c8a3cc319561a633b6aa82c44107f12594643efa37210d8c924fc1c71",
                "sha256:12c9169c4e8fe0a7329e8658c7e488001f6b4c8e88740e76292c2b857af2e94c",
                "sha256:248cffc168896982f125f5c13e9317c059f74fffdb4152893339f3be62a01340",
                "sha256:27faf0552bf8c260a5cee21a76e031acaea68babb64daf7e8f2e2540745082aa",
                "sha256:285edafad9bc60d96978ed24d77cdc0b91dace88e5da8c548ba5937c425bca8b",
                "sha256:384b12c9aa8ef95558abdcb50aada56d74bc7cc131dd62d28c2d0e4d3aadd573",
                "sha256:38950b3a707f6cef09cd3cbb142474357ad1a985ceb44d921bdf7b4647b3e13e",
                "sha256:4aad1b88933fd6dc2846552b89ad0c74ddbba2f0884e2c162aa368374bf5abab",
                "sha256:4ac6148008c169603070c092e81f88738f1a0c511e07bd2bb0f9ef542d375da9",
                "sha256:4deb1d2a45861ae6f0b12ea0a786a03d19d29edcc7e05775b85ec2877cb54c5e",
                "sha256:59aa2c124df72cc75ed72c8d6005c442d4685691a30c55321e00ed915ad1a291",
                "sha256:5a47d2123a9ec86660fe0e8d0ebf0aa6bc6a17edc63f338b73ea20ba11713f12",
                "sha256:5cc901c2ab9409b4b7ac7b5bcc3e86ac14548627062463da0af3b6b7c555a871",
                "sha256:6c1db03e8dff7b9f955a0fb9907eb9ca5da75b5ce056c0c93d33100a35050281",
                "sha256:7ce80c0a65a6ea90ef9c1f63c8593fcd2929448613fc8da0adf3e6bfad669d08",
                "sha256:809c19241c14433c5d6135e1b6c72da4e3b56d5c865ad5736ab99af8896b8f41",
                "sha256:83792cb4e0b5af480588601467c0764242b9a483caea71ef12d22a0d0d6bdce2",
                "sha256:846fa202bd7ee0f6215c897a1d33238ef071b50766339186687bd9b7a6d26ac5",
                "sha256:9f5529fc02009f96ba95bea48870173426879dc19eec49ca8e08cd63ecd82ddb",
                "sha256:a423c2ea001c6265ed28700df056f75e26215fd28c001e93ef4380b0f05f9547",
                "sha256:ac4428094b42907aba5879c7c000d01c8278d451a3b7cccd2103e21f6397ea75",
                "sha256:b1ae48d87f10d1384e5beecd169c77502fcc04a2c00a4c02b85f0a94b419e5f9",
                "sha256:bf4e972a88f8841d8fdc6db1a75e0f8d763e66e3754b03006cbc3854d89f1cb1",
                "sha256:c6414f6aad598364aaf81068cabb077894eb88fed99c6a65e6e8217bab62ae7a",
                "sha256:c710fcb7ee32f67baf25aa9ffede4795fd5d93b163ce95fdc724383e38c9df96",
                "sha256:c7be4b8a09852291c3c48d3c25d1b876d2494a0a674980089ac9d5e0d78bd132",
                "sha256:c9e5ffb910b14f090ac9c38599063e354887a5f6d7e6d26795e916b4514f2c1a",
                "sha256:e0697b826da6c2472bb6488db4c0a7fa8af0d52fa08833ceb3681358914b14e5",
                "sha256:e9a3edd5f714229d41057d56ac0f39ad9bdba6767e8c888c951869f0bdd129b0"
            ],
            "version": "==6.2.1"
        },
        "pycodestyle": {
            "hashes": [
                "sha256:95a2219d12372f05704562a14ec30bc76b05a5b297b21a5dfe3f6fac3491ae56",
                "sha256:e40a936c9a450ad81df37f549d676d127b1b66000a6c500caa2b085bc0ca976c"
            ],
            "version": "==2.5.0"
        },
        "pydocstyle": {
            "hashes": [
                "sha256:2258f9b0df68b97bf3a6c29003edc5238ff8879f1efb6f1999988d934e432bd8",
                "sha256:5741c85e408f9e0ddf873611085e819b809fca90b619f5fd7f34bd4959da3dd4",
                "sha256:ed79d4ec5e92655eccc21eb0c6cf512e69512b4a97d215ace46d17e4990f2039"
            ],
            "index": "pypi",
            "version": "==3.0.0"
        },
        "pyflakes": {
            "hashes": [
                "sha256:17dbeb2e3f4d772725c777fabc446d5634d1038f234e77343108ce445ea69ce0",
                "sha256:d976835886f8c5b31d47970ed689944a0262b5f3afa00a5a7b4dc81e5449f8a2"
            ],
            "version": "==2.1.1"
        },
        "seqdiag": {
            "hashes": [
                "sha256:78104e7644c1a4d3a5cacb68de6a7f720793f08dd78561ef0e9e80bed63702bf",
                "sha256:887cf56b00bd2492e17ef3a16c4270ff263df3c249eddea85844bb61b594785a"
            ],
            "index": "pypi",
            "version": "==0.9.6"
        },
        "six": {
            "hashes": [
                "sha256:1f1b7d42e254082a9db6279deae68afb421ceba6158efa6131de7b3003ee93fd",
                "sha256:30f610279e8b2578cab6db20741130331735c781b56053c59c4076da27f06b66"
            ],
            "version": "==1.13.0"
        },
        "snowballstemmer": {
            "hashes": [
                "sha256:209f257d7533fdb3cb73bdbd24f436239ca3b2fa67d56f6ff88e86be08cc5ef0",
                "sha256:df3bac3df4c2c01363f3dd2cfa78cce2840a79b9f1c2d2de9ce8d31683992f52"
            ],
            "version": "==2.0.0"
        },
        "tblib": {
            "hashes": [
                "sha256:229bee3754cb5d98b4837dd5c4405e80cfab57cb9f93220410ad367f8b352344",
                "sha256:e222f44485d45ed13fada73b57775e2ff9bd8af62160120bbb6679f5ad80315b"
            ],
            "index": "pypi",
            "version": "==1.6.0"
        },
        "webcolors": {
            "hashes": [
                "sha256:2559b4f4694bfcd61c87ee06acad921bd2fdbf0c844bee65fc844c6910c413dd",
                "sha256:7b11194c414dcf4b9bd8fb5ceaafc9da183b27430883c62f620589eb79b91b6e"
            ],
            "version": "==1.10"
        }
    }
}
